# Generated by pub
# See https://dart.dev/tools/pub/glossary#lockfile
packages:
  characters:
    dependency: transitive
    description:
      name: characters
      sha256: f71061c654a3380576a52b451dd5532377954cf9dbd272a78fc8479606670803
      url: "https://pub.dev"
    source: hosted
    version: "1.4.0"
  collection:
    dependency: transitive
    description:
      name: collection
      sha256: "2f5709ae4d3d59dd8f7cd309b4e023046b57d8a6c82130785d2b0e5868084e76"
      url: "https://pub.dev"
    source: hosted
    version: "1.19.1"
  crypto:
    dependency: transitive
    description:
      name: crypto
      sha256: "1e445881f28f22d6140f181e07737b22f1e099a5e1ff94b0af2f9e4a463f4855"
      url: "https://pub.dev"
    source: hosted
    version: "3.0.6"
  flutter:
    dependency: "direct main"
    description: flutter
    source: sdk
    version: "0.0.0"
  flutter_lints:
    dependency: "direct dev"
    description:
      name: flutter_lints
      sha256: "5398f14efa795ffb7a33e9b6a08798b26a180edac4ad7db3f231e40f82ce11e1"
      url: "https://pub.dev"
    source: hosted
    version: "5.0.0"
  flutter_web_plugins:
    dependency: transitive
    description: flutter
    source: sdk
    version: "0.0.0"
  go_router:
    dependency: "direct main"
    description:
      name: go_router
      sha256: "8b1f37dfaf6e958c6b872322db06f946509433bec3de753c3491a42ae9ec2b48"
      url: "https://pub.dev"
    source: hosted
    version: "16.1.0"
  hive:
    dependency: "direct main"
    description:
      name: hive
      sha256: "8dcf6db979d7933da8217edcec84e9df1bdb4e4edc7fc77dbd5aa74356d6d941"
      url: "https://pub.dev"
    source: hosted
    version: "2.2.3"
  lints:
    dependency: transitive
    description:
      name: lints
      sha256: c35bb79562d980e9a453fc715854e1ed39e24e7d0297a880ef54e17f9874a9d7
      url: "https://pub.dev"
    source: hosted
    version: "5.1.1"
  logging:
    dependency: transitive
    description:
      name: logging
      sha256: c8245ada5f1717ed44271ed1c26b8ce85ca3228fd2ffdb75468ab01979309d61
      url: "https://pub.dev"
    source: hosted
    version: "1.3.0"
  material_color_utilities:
    dependency: transitive
    description:
      name: material_color_utilities
      sha256: f7142bb1154231d7ea5f96bc7bde4bda2a0945d2806bb11670e30b850d56bdec
      url: "https://pub.dev"
    source: hosted
    version: "0.11.1"
  meta:
    dependency: transitive
    description:
      name: meta
      sha256: e3641ec5d63ebf0d9b41bd43201a66e3fc79a65db5f61fc181f04cd27aab950c
      url: "https://pub.dev"
    source: hosted
    version: "1.16.0"
  sky_engine:
    dependency: transitive
    description: flutter
    source: sdk
    version: "0.0.0"
  typed_data:
    dependency: transitive
    description:
      name: typed_data
      sha256: f9049c039ebfeb4cf7a7104a675823cd72dba8297f264b6637062516699fa006
      url: "https://pub.dev"
    source: hosted
    version: "1.4.0"
  vector_math:
    dependency: transitive
    description:
      name: vector_math
      sha256: d530bd74fea330e6e364cda7a85019c434070188383e1cd8d9777ee586914c5b
      url: "https://pub.dev"
    source: hosted
    version: "2.2.0"
sdks:
  dart: ">=3.9.0 <4.0.0"
  flutter: "3.35.1"
